{
  "name": "@builder.io/sdk-solid",
  "requires": true,
  "lockfileVersion": 1,
  "dependencies": {
    "csstype": {
      "version": "2.6.17",
      "resolved": "https://registry.npmjs.org/csstype/-/csstype-2.6.17.tgz",
      "integrity": "sha512-u1wmTI1jJGzCJzWndZo8mk4wnPTZd1eOIYTYvuEyOQGfmDl3TrabCCfKnOC86FZwW/9djqTl933UF/cS425i9A=="
    },
    "goober": {
      "version": "2.0.39",
      "resolved": "https://registry.npmjs.org/goober/-/goober-2.0.39.tgz",
      "integrity": "sha512-ryw0VaZaehKmnjL4ZEJaiUVQc+XFa5dXIAbf2QC3F+WVKRbzaSuJyq7w28bdlwqYctiZ0Ok5QL/Pap5M2pCHQg=="
    },
    "solid-styled-components": {
      "version": "0.27.1",
      "resolved": "https://registry.npmjs.org/solid-styled-components/-/solid-styled-components-0.27.1.tgz",
      "integrity": "sha512-DKlLBxiq75af/6vUXyM42Alg+hZ1eK2vffQG1kvZFsxuADR9zfTYUNCDmon54jsRUq4EYfkdI+f4IRb95mez0w==",
      "requires": {
        "csstype": "^2.6.2",
        "goober": "^2.0.38"
      }
    }
  }
}
