{
  "name": "@builder.io/app-context",
  "version": "1.0.0",
  "lockfileVersion": 2,
  "requires": true,
  "packages": {
    "": {
      "name": "@builder.io/app-context",
      "version": "1.0.0",
      "devDependencies": {
        "@builder.io/sdk": "^1.1.26"
      }
    },
    "node_modules/@builder.io/sdk": {
      "version": "1.1.26",
      "resolved": "https://registry.npmjs.org/@builder.io/sdk/-/sdk-1.1.26.tgz",
      "integrity": "sha512-tas5giE363Lv4f35xKPkRxDnPSyjzKo1zifGVuWJCztJJjUbNIe+vaRewitzqS3u+B8sWU0pHj2Id9R1Mtx6pA==",
      "dev": true,
      "dependencies": {
        "hash-sum": "^2.0.0",
        "node-fetch": "^2.2.0",
        "tslib": "^1.10.0"
      }
    },
    "node_modules/hash-sum": {
      "version": "2.0.0",
      "resolved": "https://registry.npmjs.org/hash-sum/-/hash-sum-2.0.0.tgz",
      "integrity": "sha512-WdZTbAByD+pHfl/g9QSsBIIwy8IT+EsPiKDs0KNX+zSHhdDLFKdZu0BQHljvO+0QI/BasbMSUa8wYNCZTvhslg==",
      "dev": true
    },
    "node_modules/node-fetch": {
      "version": "2.6.1",
      "resolved": "https://registry.npmjs.org/node-fetch/-/node-fetch-2.6.1.tgz",
      "integrity": "sha512-V4aYg89jEoVRxRb2fJdAg8FHvI7cEyYdVAh94HH0UIK8oJxUfkjlDQN9RbMx+bEjP7+ggMiFRprSti032Oipxw==",
      "dev": true,
      "engines": {
        "node": "4.x || >=6.0.0"
      }
    },
    "node_modules/tslib": {
      "version": "1.14.1",
      "resolved": "https://registry.npmjs.org/tslib/-/tslib-1.14.1.tgz",
      "integrity": "sha512-Xni35NKzjgMrwevysHTCArtLDpPvye8zV/0E4EyYn43P7/7qvQwPh9BGkHewbMulVntbigmcT7rdX3BNo9wRJg==",
      "dev": true
    }
  },
  "dependencies": {
    "@builder.io/sdk": {
      "version": "1.1.26",
      "resolved": "https://registry.npmjs.org/@builder.io/sdk/-/sdk-1.1.26.tgz",
      "integrity": "sha512-tas5giE363Lv4f35xKPkRxDnPSyjzKo1zifGVuWJCztJJjUbNIe+vaRewitzqS3u+B8sWU0pHj2Id9R1Mtx6pA==",
      "dev": true,
      "requires": {
        "hash-sum": "^2.0.0",
        "node-fetch": "^2.2.0",
        "tslib": "^1.10.0"
      }
    },
    "hash-sum": {
      "version": "2.0.0",
      "resolved": "https://registry.npmjs.org/hash-sum/-/hash-sum-2.0.0.tgz",
      "integrity": "sha512-WdZTbAByD+pHfl/g9QSsBIIwy8IT+EsPiKDs0KNX+zSHhdDLFKdZu0BQHljvO+0QI/BasbMSUa8wYNCZTvhslg==",
      "dev": true
    },
    "node-fetch": {
      "version": "2.6.1",
      "resolved": "https://registry.npmjs.org/node-fetch/-/node-fetch-2.6.1.tgz",
      "integrity": "sha512-V4aYg89jEoVRxRb2fJdAg8FHvI7cEyYdVAh94HH0UIK8oJxUfkjlDQN9RbMx+bEjP7+ggMiFRprSti032Oipxw==",
      "dev": true
    },
    "tslib": {
      "version": "1.14.1",
      "resolved": "https://registry.npmjs.org/tslib/-/tslib-1.14.1.tgz",
      "integrity": "sha512-Xni35NKzjgMrwevysHTCArtLDpPvye8zV/0E4EyYn43P7/7qvQwPh9BGkHewbMulVntbigmcT7rdX3BNo9wRJg==",
      "dev": true
    }
  }
}
