{
  "pins" : [
    {
      "identity" : "builder-swift",
      "kind" : "remoteSourceControl",
      "location" : "https://github.com/BuilderIO/builder-swift",
      "state" : {
        "branch" : "main",
        "revision" : "8c9e6dd2b1b76cd7c2073c1ca036d63ea33deb35"
      }
    },
    {
      "identity" : "swiftyjson",
      "kind" : "remoteSourceControl",
      "location" : "https://github.com/SwiftyJSON/SwiftyJSON.git",
      "state" : {
        "revision" : "b3dcd7dbd0d488e1a7077cb33b00f2083e382f07",
        "version" : "5.0.1"
      }
    }
  ],
  "version" : 2
}
