{
  "pins" : [
    {
      "identity" : "builder-swift",
      "kind" : "remoteSourceControl",
      "location" : "https://github.com/BuilderIO/builder-swift",
      "state" : {
        "branch" : "debug-custom-components",
        "revision" : "12af438998a650ddb1e1b14dfcf0e92bec2495ec"
      }
    },
    {
      "identity" : "swiftyjson",
      "kind" : "remoteSourceControl",
      "location" : "https://github.com/SwiftyJSON/SwiftyJSON.git",
      "state" : {
        "revision" : "b3dcd7dbd0d488e1a7077cb33b00f2083e382f07",
        "version" : "5.0.1"
      }
    }
  ],
  "version" : 2
}
