{
  "pins" : [
    {
      "identity" : "builder-swift",
      "kind" : "remoteSourceControl",
      "location" : "https://github.com/BuilderIO/builder-swift",
      "state" : {
        "branch" : "shyam-ios-fixes",
        "revision" : "20b619ba5c35023560b9728c45837f6a2c27f3d5"
      }
    },
    {
      "identity" : "swiftyjson",
      "kind" : "remoteSourceControl",
      "location" : "https://github.com/SwiftyJSON/SwiftyJSON.git",
      "state" : {
        "revision" : "b3dcd7dbd0d488e1a7077cb33b00f2083e382f07",
        "version" : "5.0.1"
      }
    }
  ],
  "version" : 2
}
